
Microsoft Visual Studio Solution File, Format Version 12.00
# Visual Studio Version 17
VisualStudioVersion = 17.4.33213.308
MinimumVisualStudioVersion = 10.0.40219.1
Project("{FAE04EC0-301F-11D3-BF4B-00C04F79EFBC}") = "MaquinaDeDoces", "MaquinaDeDoces\MaquinaDeDoces.csproj", "{42B70643-5507-4162-9ECD-06F1B34A58E5}"
EndProject
Global
	GlobalSection(SolutionConfigurationPlatforms) = preSolution
		Debug|Any CPU = Debug|Any CPU
		Release|Any CPU = Release|Any CPU
	EndGlobalSection
	GlobalSection(ProjectConfigurationPlatforms) = postSolution
		{42B70643-5507-4162-9ECD-06F1B34A58E5}.Debug|Any CPU.ActiveCfg = Debug|Any CPU
		{42B70643-5507-4162-9ECD-06F1B34A58E5}.Debug|Any CPU.Build.0 = Debug|Any CPU
		{42B70643-5507-4162-9ECD-06F1B34A58E5}.Release|Any CPU.ActiveCfg = Release|Any CPU
		{42B70643-5507-4162-9ECD-06F1B34A58E5}.Release|Any CPU.Build.0 = Release|Any CPU
	EndGlobalSection
	GlobalSection(SolutionProperties) = preSolution
		HideSolutionNode = FALSE
	EndGlobalSection
	GlobalSection(ExtensibilityGlobals) = postSolution
		SolutionGuid = {1A440F00-E0CB-4A0C-A30C-B2095F8551C7}
	EndGlobalSection
EndGlobal
